// !$*UTF8*$!
{
	archiveVersion = 1;
	classes = {
	};
	objectVersion = 55;
	objects = {

/* Begin PBXBuildFile section */
		F1E1FEE928AD296A00ADAC1C /* PortFolioApp.swift in Sources */ = {isa = PBXBuildFile; fileRef = F1E1FEE828AD296A00ADAC1C /* PortFolioApp.swift */; };
		F1E1FEEB28AD296A00ADAC1C /* ContentView.swift in Sources */ = {isa = PBXBuildFile; fileRef = F1E1FEEA28AD296A00ADAC1C /* ContentView.swift */; };
		F1E1FEED28AD296C00ADAC1C /* Assets.xcassets in Resources */ = {isa = PBXBuildFile; fileRef = F1E1FEEC28AD296C00ADAC1C /* Assets.xcassets */; };
		F1E1FEF028AD296C00ADAC1C /* Preview Assets.xcassets in Resources */ = {isa = PBXBuildFile; fileRef = F1E1FEEF28AD296C00ADAC1C /* Preview Assets.xcassets */; };
		F1E1FEFA28AD296D00ADAC1C /* PortFolioTests.swift in Sources */ = {isa = PBXBuildFile; fileRef = F1E1FEF928AD296D00ADAC1C /* PortFolioTests.swift */; };
		F1E1FF0428AD296D00ADAC1C /* PortFolioUITests.swift in Sources */ = {isa = PBXBuildFile; fileRef = F1E1FF0328AD296D00ADAC1C /* PortFolioUITests.swift */; };
		F1E1FF0628AD296D00ADAC1C /* PortFolioUITestsLaunchTests.swift in Sources */ = {isa = PBXBuildFile; fileRef = F1E1FF0528AD296D00ADAC1C /* PortFolioUITestsLaunchTests.swift */; };
/* End PBXBuildFile section */

/* Begin PBXContainerItemProxy section */
		F1E1FEF628AD296D00ADAC1C /* PBXContainerItemProxy */ = {
			isa = PBXContainerItemProxy;
			containerPortal = F1E1FEDD28AD296A00ADAC1C /* Project object */;
			proxyType = 1;
			remoteGlobalIDString = F1E1FEE428AD296A00ADAC1C;
			remoteInfo = PortFolio;
		};
		F1E1FF0028AD296D00ADAC1C /* PBXContainerItemProxy */ = {
			isa = PBXContainerItemProxy;
			containerPortal = F1E1FEDD28AD296A00ADAC1C /* Project object */;
			proxyType = 1;
			remoteGlobalIDString = F1E1FEE428AD296A00ADAC1C;
			remoteInfo = PortFolio;
		};
/* End PBXContainerItemProxy section */

/* Begin PBXFileReference section */
		F1E1FEE528AD296A00ADAC1C /* PortFolio.app */ = {isa = PBXFileReference; explicitFileType = wrapper.application; includeInIndex = 0; path = PortFolio.app; sourceTree = BUILT_PRODUCTS_DIR; };
		F1E1FEE828AD296A00ADAC1C /* PortFolioApp.swift */ = {isa = PBXFileReference; lastKnownFileType = sourcecode.swift; path = PortFolioApp.swift; sourceTree = "<group>"; };
		F1E1FEEA28AD296A00ADAC1C /* ContentView.swift */ = {isa = PBXFileReference; lastKnownFileType = sourcecode.swift; path = ContentView.swift; sourceTree = "<group>"; };
		F1E1FEEC28AD296C00ADAC1C /* Assets.xcassets */ = {isa = PBXFileReference; lastKnownFileType = folder.assetcatalog; path = Assets.xcassets; sourceTree = "<group>"; };
		F1E1FEEF28AD296C00ADAC1C /* Preview Assets.xcassets */ = {isa = PBXFileReference; lastKnownFileType = folder.assetcatalog; path = "Preview Assets.xcassets"; sourceTree = "<group>"; };
		F1E1FEF528AD296D00ADAC1C /* PortFolioTests.xctest */ = {isa = PBXFileReference; explicitFileType = wrapper.cfbundle; includeInIndex = 0; path = PortFolioTests.xctest; sourceTree = BUILT_PRODUCTS_DIR; };
		F1E1FEF928AD296D00ADAC1C /* PortFolioTests.swift */ = {isa = PBXFileReference; lastKnownFileType = sourcecode.swift; path = PortFolioTests.swift; sourceTree = "<group>"; };
		F1E1FEFF28AD296D00ADAC1C /* PortFolioUITests.xctest */ = {isa = PBXFileReference; explicitFileType = wrapper.cfbundle; includeInIndex = 0; path = PortFolioUITests.xctest; sourceTree = BUILT_PRODUCTS_DIR; };
		F1E1FF0328AD296D00ADAC1C /* PortFolioUITests.swift */ = {isa = PBXFileReference; lastKnownFileType = sourcecode.swift; path = PortFolioUITests.swift; sourceTree = "<group>"; };
		F1E1FF0528AD296D00ADAC1C /* PortFolioUITestsLaunchTests.swift */ = {isa = PBXFileReference; lastKnownFileType = sourcecode.swift; path = PortFolioUITestsLaunchTests.swift; sourceTree = "<group>"; };
/* End PBXFileReference section */

/* Begin PBXFrameworksBuildPhase section */
		F1E1FEE228AD296A00ADAC1C /* Frameworks */ = {
			isa = PBXFrameworksBuildPhase;
			buildActionMask = 2147483647;
			files = (
			);
			runOnlyForDeploymentPostprocessing = 0;
		};
		F1E1FEF228AD296D00ADAC1C /* Frameworks */ = {
			isa = PBXFrameworksBuildPhase;
			buildActionMask = 2147483647;
			files = (
			);
			runOnlyForDeploymentPostprocessing = 0;
		};
		F1E1FEFC28AD296D00ADAC1C /* Frameworks */ = {
			isa = PBXFrameworksBuildPhase;
			buildActionMask = 2147483647;
			files = (
			);
			runOnlyForDeploymentPostprocessing = 0;
		};
/* End PBXFrameworksBuildPhase section */

/* Begin PBXGroup section */
		F1E1FEDC28AD296A00ADAC1C = {
			isa = PBXGroup;
			children = (
				F1E1FEE728AD296A00ADAC1C /* PortFolio */,
				F1E1FEF828AD296D00ADAC1C /* PortFolioTests */,
				F1E1FF0228AD296D00ADAC1C /* PortFolioUITests */,
				F1E1FEE628AD296A00ADAC1C /* Products */,
			);
			sourceTree = "<group>";
		};
		F1E1FEE628AD296A00ADAC1C /* Products */ = {
			isa = PBXGroup;
			children = (
				F1E1FEE528AD296A00ADAC1C /* PortFolio.app */,
				F1E1FEF528AD296D00ADAC1C /* PortFolioTests.xctest */,
				F1E1FEFF28AD296D00ADAC1C /* PortFolioUITests.xctest */,
			);
			name = Products;
			sourceTree = "<group>";
		};
		F1E1FEE728AD296A00ADAC1C /* PortFolio */ = {
			isa = PBXGroup;
			children = (
				F1E1FEE828AD296A00ADAC1C /* PortFolioApp.swift */,
				F1E1FEEA28AD296A00ADAC1C /* ContentView.swift */,
				F1E1FEEC28AD296C00ADAC1C /* Assets.xcassets */,
				F1E1FEEE28AD296C00ADAC1C /* Preview Content */,
			);
			path = PortFolio;
			sourceTree = "<group>";
		};
		F1E1FEEE28AD296C00ADAC1C /* Preview Content */ = {
			isa = PBXGroup;
			children = (
				F1E1FEEF28AD296C00ADAC1C /* Preview Assets.xcassets */,
			);
			path = "Preview Content";
			sourceTree = "<group>";
		};
		F1E1FEF828AD296D00ADAC1C /* PortFolioTests */ = {
			isa = PBXGroup;
			children = (
				F1E1FEF928AD296D00ADAC1C /* PortFolioTests.swift */,
			);
			path = PortFolioTests;
			sourceTree = "<group>";
		};
		F1E1FF0228AD296D00ADAC1C /* PortFolioUITests */ = {
			isa = PBXGroup;
			children = (
				F1E1FF0328AD296D00ADAC1C /* PortFolioUITests.swift */,
				F1E1FF0528AD296D00ADAC1C /* PortFolioUITestsLaunchTests.swift */,
			);
			path = PortFolioUITests;
			sourceTree = "<group>";
		};
/* End PBXGroup section */

/* Begin PBXNativeTarget section */
		F1E1FEE428AD296A00ADAC1C /* PortFolio */ = {
			isa = PBXNativeTarget;
			buildConfigurationList = F1E1FF0928AD296D00ADAC1C /* Build configuration list for PBXNativeTarget "PortFolio" */;
			buildPhases = (
				F1E1FEE128AD296A00ADAC1C /* Sources */,
				F1E1FEE228AD296A00ADAC1C /* Frameworks */,
				F1E1FEE328AD296A00ADAC1C /* Resources */,
			);
			buildRules = (
			);
			dependencies = (
			);
			name = PortFolio;
			productName = PortFolio;
			productReference = F1E1FEE528AD296A00ADAC1C /* PortFolio.app */;
			productType = "com.apple.product-type.application";
		};
		F1E1FEF428AD296D00ADAC1C /* PortFolioTests */ = {
			isa = PBXNativeTarget;
			buildConfigurationList = F1E1FF0C28AD296D00ADAC1C /* Build configuration list for PBXNativeTarget "PortFolioTests" */;
			buildPhases = (
				F1E1FEF128AD296D00ADAC1C /* Sources */,
				F1E1FEF228AD296D00ADAC1C /* Frameworks */,
				F1E1FEF328AD296D00ADAC1C /* Resources */,
			);
			buildRules = (
			);
			dependencies = (
				F1E1FEF728AD296D00ADAC1C /* PBXTargetDependency */,
			);
			name = PortFolioTests;
			productName = PortFolioTests;
			productReference = F1E1FEF528AD296D00ADAC1C /* PortFolioTests.xctest */;
			productType = "com.apple.product-type.bundle.unit-test";
		};
		F1E1FEFE28AD296D00ADAC1C /* PortFolioUITests */ = {
			isa = PBXNativeTarget;
			buildConfigurationList = F1E1FF0F28AD296D00ADAC1C /* Build configuration list for PBXNativeTarget "PortFolioUITests" */;
			buildPhases = (
				F1E1FEFB28AD296D00ADAC1C /* Sources */,
				F1E1FEFC28AD296D00ADAC1C /* Frameworks */,
				F1E1FEFD28AD296D00ADAC1C /* Resources */,
			);
			buildRules = (
			);
			dependencies = (
				F1E1FF0128AD296D00ADAC1C /* PBXTargetDependency */,
			);
			name = PortFolioUITests;
			productName = PortFolioUITests;
			productReference = F1E1FEFF28AD296D00ADAC1C /* PortFolioUITests.xctest */;
			productType = "com.apple.product-type.bundle.ui-testing";
		};
/* End PBXNativeTarget section */

/* Begin PBXProject section */
		F1E1FEDD28AD296A00ADAC1C /* Project object */ = {
			isa = PBXProject;
			attributes = {
				BuildIndependentTargetsInParallel = 1;
				LastSwiftUpdateCheck = 1330;
				LastUpgradeCheck = 1330;
				TargetAttributes = {
					F1E1FEE428AD296A00ADAC1C = {
						CreatedOnToolsVersion = 13.3;
					};
					F1E1FEF428AD296D00ADAC1C = {
						CreatedOnToolsVersion = 13.3;
						TestTargetID = F1E1FEE428AD296A00ADAC1C;
					};
					F1E1FEFE28AD296D00ADAC1C = {
						CreatedOnToolsVersion = 13.3;
						TestTargetID = F1E1FEE428AD296A00ADAC1C;
					};
				};
			};
			buildConfigurationList = F1E1FEE028AD296A00ADAC1C /* Build configuration list for PBXProject "PortFolio" */;
			compatibilityVersion = "Xcode 13.0";
			developmentRegion = en;
			hasScannedForEncodings = 0;
			knownRegions = (
				en,
				Base,
			);
			mainGroup = F1E1FEDC28AD296A00ADAC1C;
			productRefGroup = F1E1FEE628AD296A00ADAC1C /* Products */;
			projectDirPath = "";
			projectRoot = "";
			targets = (
				F1E1FEE428AD296A00ADAC1C /* PortFolio */,
				F1E1FEF428AD296D00ADAC1C /* PortFolioTests */,
				F1E1FEFE28AD296D00ADAC1C /* PortFolioUITests */,
			);
		};
/* End PBXProject section */

/* Begin PBXResourcesBuildPhase section */
		F1E1FEE328AD296A00ADAC1C /* Resources */ = {
			isa = PBXResourcesBuildPhase;
			buildActionMask = 2147483647;
			files = (
				F1E1FEF028AD296C00ADAC1C /* Preview Assets.xcassets in Resources */,
				F1E1FEED28AD296C00ADAC1C /* Assets.xcassets in Resources */,
			);
			runOnlyForDeploymentPostprocessing = 0;
		};
		F1E1FEF328AD296D00ADAC1C /* Resources */ = {
			isa = PBXResourcesBuildPhase;
			buildActionMask = 2147483647;
			files = (
			);
			runOnlyForDeploymentPostprocessing = 0;
		};
		F1E1FEFD28AD296D00ADAC1C /* Resources */ = {
			isa = PBXResourcesBuildPhase;
			buildActionMask = 2147483647;
			files = (
			);
			runOnlyForDeploymentPostprocessing = 0;
		};
/* End PBXResourcesBuildPhase section */

/* Begin PBXSourcesBuildPhase section */
		F1E1FEE128AD296A00ADAC1C /* Sources */ = {
			isa = PBXSourcesBuildPhase;
			buildActionMask = 2147483647;
			files = (
				F1E1FEEB28AD296A00ADAC1C /* ContentView.swift in Sources */,
				F1E1FEE928AD296A00ADAC1C /* PortFolioApp.swift in Sources */,
			);
			runOnlyForDeploymentPostprocessing = 0;
		};
		F1E1FEF128AD296D00ADAC1C /* Sources */ = {
			isa = PBXSourcesBuildPhase;
			buildActionMask = 2147483647;
			files = (
				F1E1FEFA28AD296D00ADAC1C /* PortFolioTests.swift in Sources */,
			);
			runOnlyForDeploymentPostprocessing = 0;
		};
		F1E1FEFB28AD296D00ADAC1C /* Sources */ = {
			isa = PBXSourcesBuildPhase;
			buildActionMask = 2147483647;
			files = (
				F1E1FF0428AD296D00ADAC1C /* PortFolioUITests.swift in Sources */,
				F1E1FF0628AD296D00ADAC1C /* PortFolioUITestsLaunchTests.swift in Sources */,
			);
			runOnlyForDeploymentPostprocessing = 0;
		};
/* End PBXSourcesBuildPhase section */

/* Begin PBXTargetDependency section */
		F1E1FEF728AD296D00ADAC1C /* PBXTargetDependency */ = {
			isa = PBXTargetDependency;
			target = F1E1FEE428AD296A00ADAC1C /* PortFolio */;
			targetProxy = F1E1FEF628AD296D00ADAC1C /* PBXContainerItemProxy */;
		};
		F1E1FF0128AD296D00ADAC1C /* PBXTargetDependency */ = {
			isa = PBXTargetDependency;
			target = F1E1FEE428AD296A00ADAC1C /* PortFolio */;
			targetProxy = F1E1FF0028AD296D00ADAC1C /* PBXContainerItemProxy */;
		};
/* End PBXTargetDependency section */

/* Begin XCBuildConfiguration section */
		F1E1FF0728AD296D00ADAC1C /* Debug */ = {
			isa = XCBuildConfiguration;
			buildSettings = {
				ALWAYS_SEARCH_USER_PATHS = NO;
				CLANG_ANALYZER_NONNULL = YES;
				CLANG_ANALYZER_NUMBER_OBJECT_CONVERSION = YES_AGGRESSIVE;
				CLANG_CXX_LANGUAGE_STANDARD = "gnu++17";
				CLANG_ENABLE_MODULES = YES;
				CLANG_ENABLE_OBJC_ARC = YES;
				CLANG_ENABLE_OBJC_WEAK = YES;
				CLANG_WARN_BLOCK_CAPTURE_AUTORELEASING = YES;
				CLANG_WARN_BOOL_CONVERSION = YES;
				CLANG_WARN_COMMA = YES;
				CLANG_WARN_CONSTANT_CONVERSION = YES;
				CLANG_WARN_DEPRECATED_OBJC_IMPLEMENTATIONS = YES;
				CLANG_WARN_DIRECT_OBJC_ISA_USAGE = YES_ERROR;
				CLANG_WARN_DOCUMENTATION_COMMENTS = YES;
				CLANG_WARN_EMPTY_BODY = YES;
				CLANG_WARN_ENUM_CONVERSION = YES;
				CLANG_WARN_INFINITE_RECURSION = YES;
				CLANG_WARN_INT_CONVERSION = YES;
				CLANG_WARN_NON_LITERAL_NULL_CONVERSION = YES;
				CLANG_WARN_OBJC_IMPLICIT_RETAIN_SELF = YES;
				CLANG_WARN_OBJC_LITERAL_CONVERSION = YES;
				CLANG_WARN_OBJC_ROOT_CLASS = YES_ERROR;
				CLANG_WARN_QUOTED_INCLUDE_IN_FRAMEWORK_HEADER = YES;
				CLANG_WARN_RANGE_LOOP_ANALYSIS = YES;
				CLANG_WARN_STRICT_PROTOTYPES = YES;
				CLANG_WARN_SUSPICIOUS_MOVE = YES;
				CLANG_WARN_UNGUARDED_AVAILABILITY = YES_AGGRESSIVE;
				CLANG_WARN_UNREACHABLE_CODE = YES;
				CLANG_WARN__DUPLICATE_METHOD_MATCH = YES;
				COPY_PHASE_STRIP = NO;
				DEBUG_INFORMATION_FORMAT = dwarf;
				ENABLE_STRICT_OBJC_MSGSEND = YES;
				ENABLE_TESTABILITY = YES;
				GCC_C_LANGUAGE_STANDARD = gnu11;
				GCC_DYNAMIC_NO_PIC = NO;
				GCC_NO_COMMON_BLOCKS = YES;
				GCC_OPTIMIZATION_LEVEL = 0;
				GCC_PREPROCESSOR_DEFINITIONS = (
					"DEBUG=1",
					"$(inherited)",
				);
				GCC_WARN_64_TO_32_BIT_CONVERSION = YES;
				GCC_WARN_ABOUT_RETURN_TYPE = YES_ERROR;
				GCC_WARN_UNDECLARED_SELECTOR = YES;
				GCC_WARN_UNINITIALIZED_AUTOS = YES_AGGRESSIVE;
				GCC_WARN_UNUSED_FUNCTION = YES;
				GCC_WARN_UNUSED_VARIABLE = YES;
				IPHONEOS_DEPLOYMENT_TARGET = 15.4;
				MTL_ENABLE_DEBUG_INFO = INCLUDE_SOURCE;
				MTL_FAST_MATH = YES;
				ONLY_ACTIVE_ARCH = YES;
				SDKROOT = iphoneos;
				SWIFT_ACTIVE_COMPILATION_CONDITIONS = DEBUG;
				SWIFT_OPTIMIZATION_LEVEL = "-Onone";
			};
			name = Debug;
		};
		F1E1FF0828AD296D00ADAC1C /* Release */ = {
			isa = XCBuildConfiguration;
			buildSettings = {
				ALWAYS_SEARCH_USER_PATHS = NO;
				CLANG_ANALYZER_NONNULL = YES;
				CLANG_ANALYZER_NUMBER_OBJECT_CONVERSION = YES_AGGRESSIVE;
				CLANG_CXX_LANGUAGE_STANDARD = "gnu++17";
				CLANG_ENABLE_MODULES = YES;
				CLANG_ENABLE_OBJC_ARC = YES;
				CLANG_ENABLE_OBJC_WEAK = YES;
				CLANG_WARN_BLOCK_CAPTURE_AUTORELEASING = YES;
				CLANG_WARN_BOOL_CONVERSION = YES;
				CLANG_WARN_COMMA = YES;
				CLANG_WARN_CONSTANT_CONVERSION = YES;
				CLANG_WARN_DEPRECATED_OBJC_IMPLEMENTATIONS = YES;
				CLANG_WARN_DIRECT_OBJC_ISA_USAGE = YES_ERROR;
				CLANG_WARN_DOCUMENTATION_COMMENTS = YES;
				CLANG_WARN_EMPTY_BODY = YES;
				CLANG_WARN_ENUM_CONVERSION = YES;
				CLANG_WARN_INFINITE_RECURSION = YES;
				CLANG_WARN_INT_CONVERSION = YES;
				CLANG_WARN_NON_LITERAL_NULL_CONVERSION = YES;
				CLANG_WARN_OBJC_IMPLICIT_RETAIN_SELF = YES;
				CLANG_WARN_OBJC_LITERAL_CONVERSION = YES;
				CLANG_WARN_OBJC_ROOT_CLASS = YES_ERROR;
				CLANG_WARN_QUOTED_INCLUDE_IN_FRAMEWORK_HEADER = YES;
				CLANG_WARN_RANGE_LOOP_ANALYSIS = YES;
				CLANG_WARN_STRICT_PROTOTYPES = YES;
				CLANG_WARN_SUSPICIOUS_MOVE = YES;
				CLANG_WARN_UNGUARDED_AVAILABILITY = YES_AGGRESSIVE;
				CLANG_WARN_UNREACHABLE_CODE = YES;
				CLANG_WARN__DUPLICATE_METHOD_MATCH = YES;
				COPY_PHASE_STRIP = NO;
				DEBUG_INFORMATION_FORMAT = "dwarf-with-dsym";
				ENABLE_NS_ASSERTIONS = NO;
				ENABLE_STRICT_OBJC_MSGSEND = YES;
				GCC_C_LANGUAGE_STANDARD = gnu11;
				GCC_NO_COMMON_BLOCKS = YES;
				GCC_WARN_64_TO_32_BIT_CONVERSION = YES;
				GCC_WARN_ABOUT_RETURN_TYPE = YES_ERROR;
				GCC_WARN_UNDECLARED_SELECTOR = YES;
				GCC_WARN_UNINITIALIZED_AUTOS = YES_AGGRESSIVE;
				GCC_WARN_UNUSED_FUNCTION = YES;
				GCC_WARN_UNUSED_VARIABLE = YES;
				IPHONEOS_DEPLOYMENT_TARGET = 15.4;
				MTL_ENABLE_DEBUG_INFO = NO;
				MTL_FAST_MATH = YES;
				SDKROOT = iphoneos;
				SWIFT_COMPILATION_MODE = wholemodule;
				SWIFT_OPTIMIZATION_LEVEL = "-O";
				VALIDATE_PRODUCT = YES;
			};
			name = Release;
		};
		F1E1FF0A28AD296D00ADAC1C /* Debug */ = {
			isa = XCBuildConfiguration;
			buildSettings = {
				ASSETCATALOG_COMPILER_APPICON_NAME = AppIcon;
				ASSETCATALOG_COMPILER_GLOBAL_ACCENT_COLOR_NAME = AccentColor;
				CODE_SIGN_STYLE = Automatic;
				CURRENT_PROJECT_VERSION = 1;
				DEVELOPMENT_ASSET_PATHS = "\"PortFolio/Preview Content\"";
				DEVELOPMENT_TEAM = VL92KTVJ6C;
				ENABLE_PREVIEWS = YES;
				GENERATE_INFOPLIST_FILE = YES;
				INFOPLIST_KEY_UIApplicationSceneManifest_Generation = YES;
				INFOPLIST_KEY_UIApplicationSupportsIndirectInputEvents = YES;
				INFOPLIST_KEY_UILaunchScreen_Generation = YES;
				INFOPLIST_KEY_UISupportedInterfaceOrientations_iPad = "UIInterfaceOrientationPortrait UIInterfaceOrientationPortraitUpsideDown UIInterfaceOrientationLandscapeLeft UIInterfaceOrientationLandscapeRight";
				INFOPLIST_KEY_UISupportedInterfaceOrientations_iPhone = "UIInterfaceOrientationPortrait UIInterfaceOrientationLandscapeLeft UIInterfaceOrientationLandscapeRight";
				LD_RUNPATH_SEARCH_PATHS = (
					"$(inherited)",
					"@executable_path/Frameworks",
				);
				MARKETING_VERSION = 1.0;
				PRODUCT_BUNDLE_IDENTIFIER = DDev.PortFolio;
				PRODUCT_NAME = "$(TARGET_NAME)";
				SWIFT_EMIT_LOC_STRINGS = YES;
				SWIFT_VERSION = 5.0;
				TARGETED_DEVICE_FAMILY = "1,2";
			};
			name = Debug;
		};
		F1E1FF0B28AD296D00ADAC1C /* Release */ = {
			isa = XCBuildConfiguration;
			buildSettings = {
				ASSETCATALOG_COMPILER_APPICON_NAME = AppIcon;
				ASSETCATALOG_COMPILER_GLOBAL_ACCENT_COLOR_NAME = AccentColor;
				CODE_SIGN_STYLE = Automatic;
				CURRENT_PROJECT_VERSION = 1;
				DEVELOPMENT_ASSET_PATHS = "\"PortFolio/Preview Content\"";
				DEVELOPMENT_TEAM = VL92KTVJ6C;
				ENABLE_PREVIEWS = YES;
				GENERATE_INFOPLIST_FILE = YES;
				INFOPLIST_KEY_UIApplicationSceneManifest_Generation = YES;
				INFOPLIST_KEY_UIApplicationSupportsIndirectInputEvents = YES;
				INFOPLIST_KEY_UILaunchScreen_Generation = YES;
				INFOPLIST_KEY_UISupportedInterfaceOrientations_iPad = "UIInterfaceOrientationPortrait UIInterfaceOrientationPortraitUpsideDown UIInterfaceOrientationLandscapeLeft UIInterfaceOrientationLandscapeRight";
				INFOPLIST_KEY_UISupportedInterfaceOrientations_iPhone = "UIInterfaceOrientationPortrait UIInterfaceOrientationLandscapeLeft UIInterfaceOrientationLandscapeRight";
				LD_RUNPATH_SEARCH_PATHS = (
					"$(inherited)",
					"@executable_path/Frameworks",
				);
				MARKETING_VERSION = 1.0;
				PRODUCT_BUNDLE_IDENTIFIER = DDev.PortFolio;
				PRODUCT_NAME = "$(TARGET_NAME)";
				SWIFT_EMIT_LOC_STRINGS = YES;
				SWIFT_VERSION = 5.0;
				TARGETED_DEVICE_FAMILY = "1,2";
			};
			name = Release;
		};
		F1E1FF0D28AD296D00ADAC1C /* Debug */ = {
			isa = XCBuildConfiguration;
			buildSettings = {
				ALWAYS_EMBED_SWIFT_STANDARD_LIBRARIES = YES;
				BUNDLE_LOADER = "$(TEST_HOST)";
				CODE_SIGN_STYLE = Automatic;
				CURRENT_PROJECT_VERSION = 1;
				DEVELOPMENT_TEAM = VL92KTVJ6C;
				GENERATE_INFOPLIST_FILE = YES;
				IPHONEOS_DEPLOYMENT_TARGET = 15.4;
				MARKETING_VERSION = 1.0;
				PRODUCT_BUNDLE_IDENTIFIER = DDev.PortFolioTests;
				PRODUCT_NAME = "$(TARGET_NAME)";
				SWIFT_EMIT_LOC_STRINGS = NO;
				SWIFT_VERSION = 5.0;
				TARGETED_DEVICE_FAMILY = "1,2";
				TEST_HOST = "$(BUILT_PRODUCTS_DIR)/PortFolio.app/PortFolio";
			};
			name = Debug;
		};
		F1E1FF0E28AD296D00ADAC1C /* Release */ = {
			isa = XCBuildConfiguration;
			buildSettings = {
				ALWAYS_EMBED_SWIFT_STANDARD_LIBRARIES = YES;
				BUNDLE_LOADER = "$(TEST_HOST)";
				CODE_SIGN_STYLE = Automatic;
				CURRENT_PROJECT_VERSION = 1;
				DEVELOPMENT_TEAM = VL92KTVJ6C;
				GENERATE_INFOPLIST_FILE = YES;
				IPHONEOS_DEPLOYMENT_TARGET = 15.4;
				MARKETING_VERSION = 1.0;
				PRODUCT_BUNDLE_IDENTIFIER = DDev.PortFolioTests;
				PRODUCT_NAME = "$(TARGET_NAME)";
				SWIFT_EMIT_LOC_STRINGS = NO;
				SWIFT_VERSION = 5.0;
				TARGETED_DEVICE_FAMILY = "1,2";
				TEST_HOST = "$(BUILT_PRODUCTS_DIR)/PortFolio.app/PortFolio";
			};
			name = Release;
		};
		F1E1FF1028AD296D00ADAC1C /* Debug */ = {
			isa = XCBuildConfiguration;
			buildSettings = {
				ALWAYS_EMBED_SWIFT_STANDARD_LIBRARIES = YES;
				CODE_SIGN_STYLE = Automatic;
				CURRENT_PROJECT_VERSION = 1;
				DEVELOPMENT_TEAM = VL92KTVJ6C;
				GENERATE_INFOPLIST_FILE = YES;
				MARKETING_VERSION = 1.0;
				PRODUCT_BUNDLE_IDENTIFIER = DDev.PortFolioUITests;
				PRODUCT_NAME = "$(TARGET_NAME)";
				SWIFT_EMIT_LOC_STRINGS = NO;
				SWIFT_VERSION = 5.0;
				TARGETED_DEVICE_FAMILY = "1,2";
				TEST_TARGET_NAME = PortFolio;
			};
			name = Debug;
		};
		F1E1FF1128AD296D00ADAC1C /* Release */ = {
			isa = XCBuildConfiguration;
			buildSettings = {
				ALWAYS_EMBED_SWIFT_STANDARD_LIBRARIES = YES;
				CODE_SIGN_STYLE = Automatic;
				CURRENT_PROJECT_VERSION = 1;
				DEVELOPMENT_TEAM = VL92KTVJ6C;
				GENERATE_INFOPLIST_FILE = YES;
				MARKETING_VERSION = 1.0;
				PRODUCT_BUNDLE_IDENTIFIER = DDev.PortFolioUITests;
				PRODUCT_NAME = "$(TARGET_NAME)";
				SWIFT_EMIT_LOC_STRINGS = NO;
				SWIFT_VERSION = 5.0;
				TARGETED_DEVICE_FAMILY = "1,2";
				TEST_TARGET_NAME = PortFolio;
			};
			name = Release;
		};
/* End XCBuildConfiguration section */

/* Begin XCConfigurationList section */
		F1E1FEE028AD296A00ADAC1C /* Build configuration list for PBXProject "PortFolio" */ = {
			isa = XCConfigurationList;
			buildConfigurations = (
				F1E1FF0728AD296D00ADAC1C /* Debug */,
				F1E1FF0828AD296D00ADAC1C /* Release */,
			);
			defaultConfigurationIsVisible = 0;
			defaultConfigurationName = Release;
		};
		F1E1FF0928AD296D00ADAC1C /* Build configuration list for PBXNativeTarget "PortFolio" */ = {
			isa = XCConfigurationList;
			buildConfigurations = (
				F1E1FF0A28AD296D00ADAC1C /* Debug */,
				F1E1FF0B28AD296D00ADAC1C /* Release */,
			);
			defaultConfigurationIsVisible = 0;
			defaultConfigurationName = Release;
		};
		F1E1FF0C28AD296D00ADAC1C /* Build configuration list for PBXNativeTarget "PortFolioTests" */ = {
			isa = XCConfigurationList;
			buildConfigurations = (
				F1E1FF0D28AD296D00ADAC1C /* Debug */,
				F1E1FF0E28AD296D00ADAC1C /* Release */,
			);
			defaultConfigurationIsVisible = 0;
			defaultConfigurationName = Release;
		};
		F1E1FF0F28AD296D00ADAC1C /* Build configuration list for PBXNativeTarget "PortFolioUITests" */ = {
			isa = XCConfigurationList;
			buildConfigurations = (
				F1E1FF1028AD296D00ADAC1C /* Debug */,
				F1E1FF1128AD296D00ADAC1C /* Release */,
			);
			defaultConfigurationIsVisible = 0;
			defaultConfigurationName = Release;
		};
/* End XCConfigurationList section */
	};
	rootObject = F1E1FEDD28AD296A00ADAC1C /* Project object */;
}
